{
  "name": "your-bot-name",
  "version": "1.0.0",
  "lockfileVersion": 2,
  "requires": true,
  "dependencies": {
    "discord.js": {
      "version": "14.11.0",
      "resolved": "https://registry.npmjs.org/discord.js/-/discord.js-14.11.0.tgz"
    },
    "pg": {
      "version": "8.11.1",
      "resolved": "https://registry.npmjs.org/pg/-/pg-8.11.1.tgz"
    },
    "dotenv": {
      "version": "16.0.3",
      "resolved": "https://registry.npmjs.org/dotenv/-/dotenv-16.0.3.tgz"
    }
  }
}
